
Microsoft Visual Studio Solution File, Format Version 12.00
# Visual Studio 15
VisualStudioVersion = 15.0.28307.168
MinimumVisualStudioVersion = 10.0.40219.1
Project("{FAE04EC0-301F-11D3-BF4B-00C04F79EFBC}") = "Discografias", "Discografias\Discografias.csproj", "{230A6E0C-0692-4FBE-ADAF-17E0E10F597F}"
EndProject
Project("{FAE04EC0-301F-11D3-BF4B-00C04F79EFBC}") = "DiscografiaModel", "DiscografiaModel\DiscografiaModel.csproj", "{1147AC45-A3C6-407A-909F-A66F11A3C8F0}"
EndProject
Global
	GlobalSection(SolutionConfigurationPlatforms) = preSolution
		Debug|Any CPU = Debug|Any CPU
		Release|Any CPU = Release|Any CPU
	EndGlobalSection
	GlobalSection(ProjectConfigurationPlatforms) = postSolution
		{230A6E0C-0692-4FBE-ADAF-17E0E10F597F}.Debug|Any CPU.ActiveCfg = Debug|Any CPU
		{230A6E0C-0692-4FBE-ADAF-17E0E10F597F}.Debug|Any CPU.Build.0 = Debug|Any CPU
		{230A6E0C-0692-4FBE-ADAF-17E0E10F597F}.Release|Any CPU.ActiveCfg = Release|Any CPU
		{230A6E0C-0692-4FBE-ADAF-17E0E10F597F}.Release|Any CPU.Build.0 = Release|Any CPU
		{1147AC45-A3C6-407A-909F-A66F11A3C8F0}.Debug|Any CPU.ActiveCfg = Debug|Any CPU
		{1147AC45-A3C6-407A-909F-A66F11A3C8F0}.Debug|Any CPU.Build.0 = Debug|Any CPU
		{1147AC45-A3C6-407A-909F-A66F11A3C8F0}.Release|Any CPU.ActiveCfg = Release|Any CPU
		{1147AC45-A3C6-407A-909F-A66F11A3C8F0}.Release|Any CPU.Build.0 = Release|Any CPU
	EndGlobalSection
	GlobalSection(SolutionProperties) = preSolution
		HideSolutionNode = FALSE
	EndGlobalSection
	GlobalSection(ExtensibilityGlobals) = postSolution
		SolutionGuid = {1FC33028-D495-44E4-9252-3C50A35D0848}
	EndGlobalSection
EndGlobal
